// !$*UTF8*$!
{
	archiveVersion = 1;
	classes = {
	};
	objectVersion = 50;
	objects = {

/* Begin PBXBuildFile section */
		6A1B805125EE470E00DAF7B6 /* SignUpViewController.swift in Sources */ = {isa = PBXBuildFile; fileRef = 6A1B805025EE470E00DAF7B6 /* SignUpViewController.swift */; };
		6A5DD8C725DEB9410064DC5F /* CreateAccountViewController.swift in Sources */ = {isa = PBXBuildFile; fileRef = 6A5DD8C625DEB9410064DC5F /* CreateAccountViewController.swift */; };
		6A72283125DE8CC5009294C5 /* AppDelegate.swift in Sources */ = {isa = PBXBuildFile; fileRef = 6A72283025DE8CC5009294C5 /* AppDelegate.swift */; };
		6A72283325DE8CC5009294C5 /* SceneDelegate.swift in Sources */ = {isa = PBXBuildFile; fileRef = 6A72283225DE8CC5009294C5 /* SceneDelegate.swift */; };
		6A72283825DE8CC5009294C5 /* Main.storyboard in Resources */ = {isa = PBXBuildFile; fileRef = 6A72283625DE8CC5009294C5 /* Main.storyboard */; };
		6A72283A25DE8CC6009294C5 /* Assets.xcassets in Resources */ = {isa = PBXBuildFile; fileRef = 6A72283925DE8CC6009294C5 /* Assets.xcassets */; };
		6A72283D25DE8CC6009294C5 /* LaunchScreen.storyboard in Resources */ = {isa = PBXBuildFile; fileRef = 6A72283B25DE8CC6009294C5 /* LaunchScreen.storyboard */; };
		6A72284725DE96AF009294C5 /* GreenButtonDesign.swift in Sources */ = {isa = PBXBuildFile; fileRef = 6A72284625DE96AF009294C5 /* GreenButtonDesign.swift */; };
		6A72284E25DE99C7009294C5 /* LineButtonDesign.swift in Sources */ = {isa = PBXBuildFile; fileRef = 6A72284D25DE99C7009294C5 /* LineButtonDesign.swift */; };
		6A72285325DEAE01009294C5 /* TextfieldViewDesign.swift in Sources */ = {isa = PBXBuildFile; fileRef = 6A72285225DEAE01009294C5 /* TextfieldViewDesign.swift */; };
		6A72285725DEAFCE009294C5 /* NextButtonDesign.swift in Sources */ = {isa = PBXBuildFile; fileRef = 6A72285625DEAFCE009294C5 /* NextButtonDesign.swift */; };
		6AA7860825EF214D0039303F /* StartViewController.swift in Sources */ = {isa = PBXBuildFile; fileRef = 6AA7860725EF214D0039303F /* StartViewController.swift */; };
/* End PBXBuildFile section */

/* Begin PBXFileReference section */
		6A1B805025EE470E00DAF7B6 /* SignUpViewController.swift */ = {isa = PBXFileReference; lastKnownFileType = sourcecode.swift; path = SignUpViewController.swift; sourceTree = "<group>"; };
		6A5DD8C625DEB9410064DC5F /* CreateAccountViewController.swift */ = {isa = PBXFileReference; lastKnownFileType = sourcecode.swift; path = CreateAccountViewController.swift; sourceTree = "<group>"; };
		6A72282D25DE8CC5009294C5 /* spoddify.app */ = {isa = PBXFileReference; explicitFileType = wrapper.application; includeInIndex = 0; path = spoddify.app; sourceTree = BUILT_PRODUCTS_DIR; };
		6A72283025DE8CC5009294C5 /* AppDelegate.swift */ = {isa = PBXFileReference; lastKnownFileType = sourcecode.swift; path = AppDelegate.swift; sourceTree = "<group>"; };
		6A72283225DE8CC5009294C5 /* SceneDelegate.swift */ = {isa = PBXFileReference; lastKnownFileType = sourcecode.swift; path = SceneDelegate.swift; sourceTree = "<group>"; };
		6A72283725DE8CC5009294C5 /* Base */ = {isa = PBXFileReference; lastKnownFileType = file.storyboard; name = Base; path = Base.lproj/Main.storyboard; sourceTree = "<group>"; };
		6A72283925DE8CC6009294C5 /* Assets.xcassets */ = {isa = PBXFileReference; lastKnownFileType = folder.assetcatalog; path = Assets.xcassets; sourceTree = "<group>"; };
		6A72283C25DE8CC6009294C5 /* Base */ = {isa = PBXFileReference; lastKnownFileType = file.storyboard; name = Base; path = Base.lproj/LaunchScreen.storyboard; sourceTree = "<group>"; };
		6A72283E25DE8CC6009294C5 /* Info.plist */ = {isa = PBXFileReference; lastKnownFileType = text.plist.xml; path = Info.plist; sourceTree = "<group>"; };
		6A72284625DE96AF009294C5 /* GreenButtonDesign.swift */ = {isa = PBXFileReference; lastKnownFileType = sourcecode.swift; path = GreenButtonDesign.swift; sourceTree = "<group>"; };
		6A72284D25DE99C7009294C5 /* LineButtonDesign.swift */ = {isa = PBXFileReference; lastKnownFileType = sourcecode.swift; path = LineButtonDesign.swift; sourceTree = "<group>"; };
		6A72285225DEAE01009294C5 /* TextfieldViewDesign.swift */ = {isa = PBXFileReference; lastKnownFileType = sourcecode.swift; path = TextfieldViewDesign.swift; sourceTree = "<group>"; };
		6A72285625DEAFCE009294C5 /* NextButtonDesign.swift */ = {isa = PBXFileReference; lastKnownFileType = sourcecode.swift; path = NextButtonDesign.swift; sourceTree = "<group>"; };
		6AA7860725EF214D0039303F /* StartViewController.swift */ = {isa = PBXFileReference; lastKnownFileType = sourcecode.swift; path = StartViewController.swift; sourceTree = "<group>"; };
/* End PBXFileReference section */

/* Begin PBXFrameworksBuildPhase section */
		6A72282A25DE8CC5009294C5 /* Frameworks */ = {
			isa = PBXFrameworksBuildPhase;
			buildActionMask = 2147483647;
			files = (
			);
			runOnlyForDeploymentPostprocessing = 0;
		};
/* End PBXFrameworksBuildPhase section */

/* Begin PBXGroup section */
		6A72282425DE8CC5009294C5 = {
			isa = PBXGroup;
			children = (
				6A72282F25DE8CC5009294C5 /* spoddify */,
				6A72282E25DE8CC5009294C5 /* Products */,
			);
			sourceTree = "<group>";
		};
		6A72282E25DE8CC5009294C5 /* Products */ = {
			isa = PBXGroup;
			children = (
				6A72282D25DE8CC5009294C5 /* spoddify.app */,
			);
			name = Products;
			sourceTree = "<group>";
		};
		6A72282F25DE8CC5009294C5 /* spoddify */ = {
			isa = PBXGroup;
			children = (
				6AA7860325EF01A90039303F /* ViewController */,
				6A72284925DE96B7009294C5 /* Design */,
				6A72283025DE8CC5009294C5 /* AppDelegate.swift */,
				6A72283225DE8CC5009294C5 /* SceneDelegate.swift */,
				6A72283625DE8CC5009294C5 /* Main.storyboard */,
				6A72283925DE8CC6009294C5 /* Assets.xcassets */,
				6A72283B25DE8CC6009294C5 /* LaunchScreen.storyboard */,
				6A72283E25DE8CC6009294C5 /* Info.plist */,
			);
			path = spoddify;
			sourceTree = "<group>";
		};
		6A72284925DE96B7009294C5 /* Design */ = {
			isa = PBXGroup;
			children = (
				6A72284625DE96AF009294C5 /* GreenButtonDesign.swift */,
				6A72284D25DE99C7009294C5 /* LineButtonDesign.swift */,
				6A72285225DEAE01009294C5 /* TextfieldViewDesign.swift */,
				6A72285625DEAFCE009294C5 /* NextButtonDesign.swift */,
			);
			path = Design;
			sourceTree = "<group>";
		};
		6AA7860325EF01A90039303F /* ViewController */ = {
			isa = PBXGroup;
			children = (
				6A1B805025EE470E00DAF7B6 /* SignUpViewController.swift */,
				6A5DD8C625DEB9410064DC5F /* CreateAccountViewController.swift */,
				6AA7860725EF214D0039303F /* StartViewController.swift */,
			);
			path = ViewController;
			sourceTree = "<group>";
		};
/* End PBXGroup section */

/* Begin PBXNativeTarget section */
		6A72282C25DE8CC5009294C5 /* spoddify */ = {
			isa = PBXNativeTarget;
			buildConfigurationList = 6A72284125DE8CC6009294C5 /* Build configuration list for PBXNativeTarget "spoddify" */;
			buildPhases = (
				6A72282925DE8CC5009294C5 /* Sources */,
				6A72282A25DE8CC5009294C5 /* Frameworks */,
				6A72282B25DE8CC5009294C5 /* Resources */,
			);
			buildRules = (
			);
			dependencies = (
			);
			name = spoddify;
			productName = spoddify;
			productReference = 6A72282D25DE8CC5009294C5 /* spoddify.app */;
			productType = "com.apple.product-type.application";
		};
/* End PBXNativeTarget section */

/* Begin PBXProject section */
		6A72282525DE8CC5009294C5 /* Project object */ = {
			isa = PBXProject;
			attributes = {
				LastSwiftUpdateCheck = 1240;
				LastUpgradeCheck = 1240;
				TargetAttributes = {
					6A72282C25DE8CC5009294C5 = {
						CreatedOnToolsVersion = 12.4;
					};
				};
			};
			buildConfigurationList = 6A72282825DE8CC5009294C5 /* Build configuration list for PBXProject "spoddify" */;
			compatibilityVersion = "Xcode 9.3";
			developmentRegion = en;
			hasScannedForEncodings = 0;
			knownRegions = (
				en,
				Base,
			);
			mainGroup = 6A72282425DE8CC5009294C5;
			productRefGroup = 6A72282E25DE8CC5009294C5 /* Products */;
			projectDirPath = "";
			projectRoot = "";
			targets = (
				6A72282C25DE8CC5009294C5 /* spoddify */,
			);
		};
/* End PBXProject section */

/* Begin PBXResourcesBuildPhase section */
		6A72282B25DE8CC5009294C5 /* Resources */ = {
			isa = PBXResourcesBuildPhase;
			buildActionMask = 2147483647;
			files = (
				6A72283D25DE8CC6009294C5 /* LaunchScreen.storyboard in Resources */,
				6A72283A25DE8CC6009294C5 /* Assets.xcassets in Resources */,
				6A72283825DE8CC5009294C5 /* Main.storyboard in Resources */,
			);
			runOnlyForDeploymentPostprocessing = 0;
		};
/* End PBXResourcesBuildPhase section */

/* Begin PBXSourcesBuildPhase section */
		6A72282925DE8CC5009294C5 /* Sources */ = {
			isa = PBXSourcesBuildPhase;
			buildActionMask = 2147483647;
			files = (
				6A72284E25DE99C7009294C5 /* LineButtonDesign.swift in Sources */,
				6A72284725DE96AF009294C5 /* GreenButtonDesign.swift in Sources */,
				6A72283125DE8CC5009294C5 /* AppDelegate.swift in Sources */,
				6A5DD8C725DEB9410064DC5F /* CreateAccountViewController.swift in Sources */,
				6A72285325DEAE01009294C5 /* TextfieldViewDesign.swift in Sources */,
				6AA7860825EF214D0039303F /* StartViewController.swift in Sources */,
				6A1B805125EE470E00DAF7B6 /* SignUpViewController.swift in Sources */,
				6A72283325DE8CC5009294C5 /* SceneDelegate.swift in Sources */,
				6A72285725DEAFCE009294C5 /* NextButtonDesign.swift in Sources */,
			);
			runOnlyForDeploymentPostprocessing = 0;
		};
/* End PBXSourcesBuildPhase section */

/* Begin PBXVariantGroup section */
		6A72283625DE8CC5009294C5 /* Main.storyboard */ = {
			isa = PBXVariantGroup;
			children = (
				6A72283725DE8CC5009294C5 /* Base */,
			);
			name = Main.storyboard;
			sourceTree = "<group>";
		};
		6A72283B25DE8CC6009294C5 /* LaunchScreen.storyboard */ = {
			isa = PBXVariantGroup;
			children = (
				6A72283C25DE8CC6009294C5 /* Base */,
			);
			name = LaunchScreen.storyboard;
			sourceTree = "<group>";
		};
/* End PBXVariantGroup section */

/* Begin XCBuildConfiguration section */
		6A72283F25DE8CC6009294C5 /* Debug */ = {
			isa = XCBuildConfiguration;
			buildSettings = {
				ALWAYS_SEARCH_USER_PATHS = NO;
				CLANG_ANALYZER_NONNULL = YES;
				CLANG_ANALYZER_NUMBER_OBJECT_CONVERSION = YES_AGGRESSIVE;
				CLANG_CXX_LANGUAGE_STANDARD = "gnu++14";
				CLANG_CXX_LIBRARY = "libc++";
				CLANG_ENABLE_MODULES = YES;
				CLANG_ENABLE_OBJC_ARC = YES;
				CLANG_ENABLE_OBJC_WEAK = YES;
				CLANG_WARN_BLOCK_CAPTURE_AUTORELEASING = YES;
				CLANG_WARN_BOOL_CONVERSION = YES;
				CLANG_WARN_COMMA = YES;
				CLANG_WARN_CONSTANT_CONVERSION = YES;
				CLANG_WARN_DEPRECATED_OBJC_IMPLEMENTATIONS = YES;
				CLANG_WARN_DIRECT_OBJC_ISA_USAGE = YES_ERROR;
				CLANG_WARN_DOCUMENTATION_COMMENTS = YES;
				CLANG_WARN_EMPTY_BODY = YES;
				CLANG_WARN_ENUM_CONVERSION = YES;
				CLANG_WARN_INFINITE_RECURSION = YES;
				CLANG_WARN_INT_CONVERSION = YES;
				CLANG_WARN_NON_LITERAL_NULL_CONVERSION = YES;
				CLANG_WARN_OBJC_IMPLICIT_RETAIN_SELF = YES;
				CLANG_WARN_OBJC_LITERAL_CONVERSION = YES;
				CLANG_WARN_OBJC_ROOT_CLASS = YES_ERROR;
				CLANG_WARN_QUOTED_INCLUDE_IN_FRAMEWORK_HEADER = YES;
				CLANG_WARN_RANGE_LOOP_ANALYSIS = YES;
				CLANG_WARN_STRICT_PROTOTYPES = YES;
				CLANG_WARN_SUSPICIOUS_MOVE = YES;
				CLANG_WARN_UNGUARDED_AVAILABILITY = YES_AGGRESSIVE;
				CLANG_WARN_UNREACHABLE_CODE = YES;
				CLANG_WARN__DUPLICATE_METHOD_MATCH = YES;
				COPY_PHASE_STRIP = NO;
				DEBUG_INFORMATION_FORMAT = dwarf;
				ENABLE_STRICT_OBJC_MSGSEND = YES;
				ENABLE_TESTABILITY = YES;
				GCC_C_LANGUAGE_STANDARD = gnu11;
				GCC_DYNAMIC_NO_PIC = NO;
				GCC_NO_COMMON_BLOCKS = YES;
				GCC_OPTIMIZATION_LEVEL = 0;
				GCC_PREPROCESSOR_DEFINITIONS = (
					"DEBUG=1",
					"$(inherited)",
				);
				GCC_WARN_64_TO_32_BIT_CONVERSION = YES;
				GCC_WARN_ABOUT_RETURN_TYPE = YES_ERROR;
				GCC_WARN_UNDECLARED_SELECTOR = YES;
				GCC_WARN_UNINITIALIZED_AUTOS = YES_AGGRESSIVE;
				GCC_WARN_UNUSED_FUNCTION = YES;
				GCC_WARN_UNUSED_VARIABLE = YES;
				IPHONEOS_DEPLOYMENT_TARGET = 14.4;
				MTL_ENABLE_DEBUG_INFO = INCLUDE_SOURCE;
				MTL_FAST_MATH = YES;
				ONLY_ACTIVE_ARCH = YES;
				SDKROOT = iphoneos;
				SWIFT_ACTIVE_COMPILATION_CONDITIONS = DEBUG;
				SWIFT_OPTIMIZATION_LEVEL = "-Onone";
			};
			name = Debug;
		};
		6A72284025DE8CC6009294C5 /* Release */ = {
			isa = XCBuildConfiguration;
			buildSettings = {
				ALWAYS_SEARCH_USER_PATHS = NO;
				CLANG_ANALYZER_NONNULL = YES;
				CLANG_ANALYZER_NUMBER_OBJECT_CONVERSION = YES_AGGRESSIVE;
				CLANG_CXX_LANGUAGE_STANDARD = "gnu++14";
				CLANG_CXX_LIBRARY = "libc++";
				CLANG_ENABLE_MODULES = YES;
				CLANG_ENABLE_OBJC_ARC = YES;
				CLANG_ENABLE_OBJC_WEAK = YES;
				CLANG_WARN_BLOCK_CAPTURE_AUTORELEASING = YES;
				CLANG_WARN_BOOL_CONVERSION = YES;
				CLANG_WARN_COMMA = YES;
				CLANG_WARN_CONSTANT_CONVERSION = YES;
				CLANG_WARN_DEPRECATED_OBJC_IMPLEMENTATIONS = YES;
				CLANG_WARN_DIRECT_OBJC_ISA_USAGE = YES_ERROR;
				CLANG_WARN_DOCUMENTATION_COMMENTS = YES;
				CLANG_WARN_EMPTY_BODY = YES;
				CLANG_WARN_ENUM_CONVERSION = YES;
				CLANG_WARN_INFINITE_RECURSION = YES;
				CLANG_WARN_INT_CONVERSION = YES;
				CLANG_WARN_NON_LITERAL_NULL_CONVERSION = YES;
				CLANG_WARN_OBJC_IMPLICIT_RETAIN_SELF = YES;
				CLANG_WARN_OBJC_LITERAL_CONVERSION = YES;
				CLANG_WARN_OBJC_ROOT_CLASS = YES_ERROR;
				CLANG_WARN_QUOTED_INCLUDE_IN_FRAMEWORK_HEADER = YES;
				CLANG_WARN_RANGE_LOOP_ANALYSIS = YES;
				CLANG_WARN_STRICT_PROTOTYPES = YES;
				CLANG_WARN_SUSPICIOUS_MOVE = YES;
				CLANG_WARN_UNGUARDED_AVAILABILITY = YES_AGGRESSIVE;
				CLANG_WARN_UNREACHABLE_CODE = YES;
				CLANG_WARN__DUPLICATE_METHOD_MATCH = YES;
				COPY_PHASE_STRIP = NO;
				DEBUG_INFORMATION_FORMAT = "dwarf-with-dsym";
				ENABLE_NS_ASSERTIONS = NO;
				ENABLE_STRICT_OBJC_MSGSEND = YES;
				GCC_C_LANGUAGE_STANDARD = gnu11;
				GCC_NO_COMMON_BLOCKS = YES;
				GCC_WARN_64_TO_32_BIT_CONVERSION = YES;
				GCC_WARN_ABOUT_RETURN_TYPE = YES_ERROR;
				GCC_WARN_UNDECLARED_SELECTOR = YES;
				GCC_WARN_UNINITIALIZED_AUTOS = YES_AGGRESSIVE;
				GCC_WARN_UNUSED_FUNCTION = YES;
				GCC_WARN_UNUSED_VARIABLE = YES;
				IPHONEOS_DEPLOYMENT_TARGET = 14.4;
				MTL_ENABLE_DEBUG_INFO = NO;
				MTL_FAST_MATH = YES;
				SDKROOT = iphoneos;
				SWIFT_COMPILATION_MODE = wholemodule;
				SWIFT_OPTIMIZATION_LEVEL = "-O";
				VALIDATE_PRODUCT = YES;
			};
			name = Release;
		};
		6A72284225DE8CC6009294C5 /* Debug */ = {
			isa = XCBuildConfiguration;
			buildSettings = {
				ASSETCATALOG_COMPILER_APPICON_NAME = AppIcon;
				ASSETCATALOG_COMPILER_GLOBAL_ACCENT_COLOR_NAME = AccentColor;
				CODE_SIGN_STYLE = Automatic;
				DEVELOPMENT_TEAM = Q25U65UWAP;
				INFOPLIST_FILE = spoddify/Info.plist;
				LD_RUNPATH_SEARCH_PATHS = (
					"$(inherited)",
					"@executable_path/Frameworks",
				);
				PRODUCT_BUNDLE_IDENTIFIER = com.yujin.spoddify;
				PRODUCT_NAME = "$(TARGET_NAME)";
				SWIFT_VERSION = 5.0;
				TARGETED_DEVICE_FAMILY = "1,2";
			};
			name = Debug;
		};
		6A72284325DE8CC6009294C5 /* Release */ = {
			isa = XCBuildConfiguration;
			buildSettings = {
				ASSETCATALOG_COMPILER_APPICON_NAME = AppIcon;
				ASSETCATALOG_COMPILER_GLOBAL_ACCENT_COLOR_NAME = AccentColor;
				CODE_SIGN_STYLE = Automatic;
				DEVELOPMENT_TEAM = Q25U65UWAP;
				INFOPLIST_FILE = spoddify/Info.plist;
				LD_RUNPATH_SEARCH_PATHS = (
					"$(inherited)",
					"@executable_path/Frameworks",
				);
				PRODUCT_BUNDLE_IDENTIFIER = com.yujin.spoddify;
				PRODUCT_NAME = "$(TARGET_NAME)";
				SWIFT_VERSION = 5.0;
				TARGETED_DEVICE_FAMILY = "1,2";
			};
			name = Release;
		};
/* End XCBuildConfiguration section */

/* Begin XCConfigurationList section */
		6A72282825DE8CC5009294C5 /* Build configuration list for PBXProject "spoddify" */ = {
			isa = XCConfigurationList;
			buildConfigurations = (
				6A72283F25DE8CC6009294C5 /* Debug */,
				6A72284025DE8CC6009294C5 /* Release */,
			);
			defaultConfigurationIsVisible = 0;
			defaultConfigurationName = Release;
		};
		6A72284125DE8CC6009294C5 /* Build configuration list for PBXNativeTarget "spoddify" */ = {
			isa = XCConfigurationList;
			buildConfigurations = (
				6A72284225DE8CC6009294C5 /* Debug */,
				6A72284325DE8CC6009294C5 /* Release */,
			);
			defaultConfigurationIsVisible = 0;
			defaultConfigurationName = Release;
		};
/* End XCConfigurationList section */
	};
	rootObject = 6A72282525DE8CC5009294C5 /* Project object */;
}
